{
  "name": "front-end",
  "lockfileVersion": 2,
  "requires": true,
  "packages": {
    "": {
      "dependencies": {
        "@portabletext/to-html": "^2.0.0"
      }
    },
    "node_modules/@portabletext/to-html": {
      "version": "2.0.0",
      "resolved": "https://registry.npmjs.org/@portabletext/to-html/-/to-html-2.0.0.tgz",
      "integrity": "sha512-wSG/8ce8g01KMShumTAeYELZeoV+J2kitsaTzWwuEQtRPJm3XcxTuCKCtWIGy/b9UF7nFvL47a1Cn2qa/bkTmw==",
      "dependencies": {
        "@portabletext/toolkit": "^2.0.1",
        "@portabletext/types": "^2.0.2"
      },
      "engines": {
        "node": "^14.13.1 || >=16.0.0"
      }
    },
    "node_modules/@portabletext/toolkit": {
      "version": "2.0.1",
      "resolved": "https://registry.npmjs.org/@portabletext/toolkit/-/toolkit-2.0.1.tgz",
      "integrity": "sha512-vr2SeDFUFV+VmRIyYsHBMimZLiiN0S7qIridt/YLJs3Wm1dI4jsfUam82AQwheSMjvWdBiBZ+Wsjq5HZBG4htw==",
      "dependencies": {
        "@portabletext/types": "^2.0.0"
      },
      "engines": {
        "node": "^14.13.1 || >=16.0.0"
      }
    },
    "node_modules/@portabletext/types": {
      "version": "2.0.2",
      "resolved": "https://registry.npmjs.org/@portabletext/types/-/types-2.0.2.tgz",
      "integrity": "sha512-3xTbSa80G1nODyACY0ilrmPo1PmU1xuoPvfcpzpqSEL0kX01fSW+21PKgS9BcG+GqdG9HK/VxciKWa+nFA7mqg==",
      "engines": {
        "node": "^14.13.1 || >=16.0.0 || >=18.0.0"
      }
    }
  },
  "dependencies": {
    "@portabletext/to-html": {
      "version": "2.0.0",
      "resolved": "https://registry.npmjs.org/@portabletext/to-html/-/to-html-2.0.0.tgz",
      "integrity": "sha512-wSG/8ce8g01KMShumTAeYELZeoV+J2kitsaTzWwuEQtRPJm3XcxTuCKCtWIGy/b9UF7nFvL47a1Cn2qa/bkTmw==",
      "requires": {
        "@portabletext/toolkit": "^2.0.1",
        "@portabletext/types": "^2.0.2"
      }
    },
    "@portabletext/toolkit": {
      "version": "2.0.1",
      "resolved": "https://registry.npmjs.org/@portabletext/toolkit/-/toolkit-2.0.1.tgz",
      "integrity": "sha512-vr2SeDFUFV+VmRIyYsHBMimZLiiN0S7qIridt/YLJs3Wm1dI4jsfUam82AQwheSMjvWdBiBZ+Wsjq5HZBG4htw==",
      "requires": {
        "@portabletext/types": "^2.0.0"
      }
    },
    "@portabletext/types": {
      "version": "2.0.2",
      "resolved": "https://registry.npmjs.org/@portabletext/types/-/types-2.0.2.tgz",
      "integrity": "sha512-3xTbSa80G1nODyACY0ilrmPo1PmU1xuoPvfcpzpqSEL0kX01fSW+21PKgS9BcG+GqdG9HK/VxciKWa+nFA7mqg=="
    }
  }
}
